
Microsoft Visual Studio Solution File, Format Version 12.00
# Visual Studio Version 17
VisualStudioVersion = 17.4.33122.133
MinimumVisualStudioVersion = 10.0.40219.1
Project("{FAE04EC0-301F-11D3-BF4B-00C04F79EFBC}") = "Hellow World", "Hellow World.csproj", "{60D7206C-EF38-4113-A081-DF0DF16C8C72}"
EndProject
Global
	GlobalSection(SolutionConfigurationPlatforms) = preSolution
		Debug|Any CPU = Debug|Any CPU
		Release|Any CPU = Release|Any CPU
	EndGlobalSection
	GlobalSection(ProjectConfigurationPlatforms) = postSolution
		{60D7206C-EF38-4113-A081-DF0DF16C8C72}.Debug|Any CPU.ActiveCfg = Debug|Any CPU
		{60D7206C-EF38-4113-A081-DF0DF16C8C72}.Debug|Any CPU.Build.0 = Debug|Any CPU
		{60D7206C-EF38-4113-A081-DF0DF16C8C72}.Release|Any CPU.ActiveCfg = Release|Any CPU
		{60D7206C-EF38-4113-A081-DF0DF16C8C72}.Release|Any CPU.Build.0 = Release|Any CPU
	EndGlobalSection
	GlobalSection(SolutionProperties) = preSolution
		HideSolutionNode = FALSE
	EndGlobalSection
	GlobalSection(ExtensibilityGlobals) = postSolution
		SolutionGuid = {CDAC7FC8-389B-4C31-BB06-75094B759886}
	EndGlobalSection
EndGlobal
